
Microsoft Visual Studio Solution File, Format Version 12.00
# Visual Studio Version 17
VisualStudioVersion = 17.10.35013.160
MinimumVisualStudioVersion = 10.0.40219.1
Project("{FAE04EC0-301F-11D3-BF4B-00C04F79EFBC}") = "New Rock, Paper, Scissors", "New Rock, Paper, Scissors\New Rock, Paper, Scissors.csproj", "{61608ED9-C790-47EB-BC84-E754CE8C6503}"
EndProject
Global
	GlobalSection(SolutionConfigurationPlatforms) = preSolution
		Debug|Any CPU = Debug|Any CPU
		Release|Any CPU = Release|Any CPU
	EndGlobalSection
	GlobalSection(ProjectConfigurationPlatforms) = postSolution
		{61608ED9-C790-47EB-BC84-E754CE8C6503}.Debug|Any CPU.ActiveCfg = Debug|Any CPU
		{61608ED9-C790-47EB-BC84-E754CE8C6503}.Debug|Any CPU.Build.0 = Debug|Any CPU
		{61608ED9-C790-47EB-BC84-E754CE8C6503}.Release|Any CPU.ActiveCfg = Release|Any CPU
		{61608ED9-C790-47EB-BC84-E754CE8C6503}.Release|Any CPU.Build.0 = Release|Any CPU
	EndGlobalSection
	GlobalSection(SolutionProperties) = preSolution
		HideSolutionNode = FALSE
	EndGlobalSection
	GlobalSection(ExtensibilityGlobals) = postSolution
		SolutionGuid = {1D2F7FE7-C424-416E-9931-0BE7F1918DBB}
	EndGlobalSection
EndGlobal
